
Microsoft Visual Studio Solution File, Format Version 12.00
# Visual Studio 14
VisualStudioVersion = 14.0.25123.0
MinimumVisualStudioVersion = 10.0.40219.1
Project("{2150E333-8FDC-42A3-9474-1A3956D46DE8}") = "DataBase", "DataBase", "{CEDC8867-C8A6-4247-8E2C-302CAB99BBB8}"
	ProjectSection(SolutionItems) = preProject
		dbAlegriaEmbotelladaESC.sql = dbAlegriaEmbotelladaESC.sql
	EndProjectSection
EndProject
Project("{FAE04EC0-301F-11D3-BF4B-00C04F79EFBC}") = "Entities", "Entities\Entities.csproj", "{C1CD958C-F79A-4A1E-800C-272080F55005}"
EndProject
Project("{FAE04EC0-301F-11D3-BF4B-00C04F79EFBC}") = "DataAccess", "DataAcces\DataAccess.csproj", "{89E13703-EDD0-4058-B882-DD5B1E4806E4}"
EndProject
Project("{FAE04EC0-301F-11D3-BF4B-00C04F79EFBC}") = "BusinessLogic", "BusinessLogic\BusinessLogic.csproj", "{4EBBF9E3-9C7C-4D68-BD2B-919B61C51FBC}"
EndProject
Project("{FAE04EC0-301F-11D3-BF4B-00C04F79EFBC}") = "AlegriaEmbotelladaWinFromApp", "AlegriaEmbotelladaWinFromApp\AlegriaEmbotelladaWinFromApp.csproj", "{A914A300-65BD-4AAA-8A05-E1B675C11114}"
EndProject
Global
	GlobalSection(SolutionConfigurationPlatforms) = preSolution
		Debug|Any CPU = Debug|Any CPU
		Release|Any CPU = Release|Any CPU
	EndGlobalSection
	GlobalSection(ProjectConfigurationPlatforms) = postSolution
		{C1CD958C-F79A-4A1E-800C-272080F55005}.Debug|Any CPU.ActiveCfg = Debug|Any CPU
		{C1CD958C-F79A-4A1E-800C-272080F55005}.Debug|Any CPU.Build.0 = Debug|Any CPU
		{C1CD958C-F79A-4A1E-800C-272080F55005}.Release|Any CPU.ActiveCfg = Release|Any CPU
		{C1CD958C-F79A-4A1E-800C-272080F55005}.Release|Any CPU.Build.0 = Release|Any CPU
		{89E13703-EDD0-4058-B882-DD5B1E4806E4}.Debug|Any CPU.ActiveCfg = Debug|Any CPU
		{89E13703-EDD0-4058-B882-DD5B1E4806E4}.Debug|Any CPU.Build.0 = Debug|Any CPU
		{89E13703-EDD0-4058-B882-DD5B1E4806E4}.Release|Any CPU.ActiveCfg = Release|Any CPU
		{89E13703-EDD0-4058-B882-DD5B1E4806E4}.Release|Any CPU.Build.0 = Release|Any CPU
		{4EBBF9E3-9C7C-4D68-BD2B-919B61C51FBC}.Debug|Any CPU.ActiveCfg = Debug|Any CPU
		{4EBBF9E3-9C7C-4D68-BD2B-919B61C51FBC}.Debug|Any CPU.Build.0 = Debug|Any CPU
		{4EBBF9E3-9C7C-4D68-BD2B-919B61C51FBC}.Release|Any CPU.ActiveCfg = Release|Any CPU
		{4EBBF9E3-9C7C-4D68-BD2B-919B61C51FBC}.Release|Any CPU.Build.0 = Release|Any CPU
		{A914A300-65BD-4AAA-8A05-E1B675C11114}.Debug|Any CPU.ActiveCfg = Debug|Any CPU
		{A914A300-65BD-4AAA-8A05-E1B675C11114}.Debug|Any CPU.Build.0 = Debug|Any CPU
		{A914A300-65BD-4AAA-8A05-E1B675C11114}.Release|Any CPU.ActiveCfg = Release|Any CPU
		{A914A300-65BD-4AAA-8A05-E1B675C11114}.Release|Any CPU.Build.0 = Release|Any CPU
	EndGlobalSection
	GlobalSection(SolutionProperties) = preSolution
		HideSolutionNode = FALSE
	EndGlobalSection
EndGlobal
